
Microsoft Visual Studio Solution File, Format Version 12.00
# Visual Studio Version 17
VisualStudioVersion = 17.3.32819.101
MinimumVisualStudioVersion = 10.0.40219.1
Project("{9A19103F-16F7-4668-BE54-9A1E7A4F7556}") = "CarrinhoDeCompras", "CarrinhoDeCompras\CarrinhoDeCompras.csproj", "{FAF0FAA6-B185-4BC7-BB09-302672267C0A}"
EndProject
Project("{9A19103F-16F7-4668-BE54-9A1E7A4F7556}") = "Descontos", "Descontos\Descontos.csproj", "{AA68F7CB-E1D1-4F7F-BB97-D5957C74AE06}"
EndProject
Project("{2150E333-8FDC-42A3-9474-1A3956D46DE8}") = "grpcProtoFiles", "grpcProtoFiles", "{207B9294-FF36-4EEA-8433-4DFB6981C2A2}"
	ProjectSection(SolutionItems) = preProject
		discount.proto = discount.proto
	EndProjectSection
EndProject
Global
	GlobalSection(SolutionConfigurationPlatforms) = preSolution
		Debug|Any CPU = Debug|Any CPU
		Release|Any CPU = Release|Any CPU
	EndGlobalSection
	GlobalSection(ProjectConfigurationPlatforms) = postSolution
		{FAF0FAA6-B185-4BC7-BB09-302672267C0A}.Debug|Any CPU.ActiveCfg = Debug|Any CPU
		{FAF0FAA6-B185-4BC7-BB09-302672267C0A}.Debug|Any CPU.Build.0 = Debug|Any CPU
		{FAF0FAA6-B185-4BC7-BB09-302672267C0A}.Release|Any CPU.ActiveCfg = Release|Any CPU
		{FAF0FAA6-B185-4BC7-BB09-302672267C0A}.Release|Any CPU.Build.0 = Release|Any CPU
		{AA68F7CB-E1D1-4F7F-BB97-D5957C74AE06}.Debug|Any CPU.ActiveCfg = Debug|Any CPU
		{AA68F7CB-E1D1-4F7F-BB97-D5957C74AE06}.Debug|Any CPU.Build.0 = Debug|Any CPU
		{AA68F7CB-E1D1-4F7F-BB97-D5957C74AE06}.Release|Any CPU.ActiveCfg = Release|Any CPU
		{AA68F7CB-E1D1-4F7F-BB97-D5957C74AE06}.Release|Any CPU.Build.0 = Release|Any CPU
	EndGlobalSection
	GlobalSection(SolutionProperties) = preSolution
		HideSolutionNode = FALSE
	EndGlobalSection
	GlobalSection(ExtensibilityGlobals) = postSolution
		SolutionGuid = {C26853C3-1E73-46B6-806B-D684EA628C7D}
	EndGlobalSection
EndGlobal
